
Microsoft Visual Studio Solution File, Format Version 12.00
# Visual Studio Version 16
VisualStudioVersion = 16.0.29613.14
MinimumVisualStudioVersion = 10.0.40219.1
Project("{FAE04EC0-301F-11D3-BF4B-00C04F79EFBC}") = "Ex1", "Ex1\Ex1.csproj", "{FC5ED1D3-E362-4D3B-AD67-80DD196C37EB}"
EndProject
Project("{FAE04EC0-301F-11D3-BF4B-00C04F79EFBC}") = "Book2", "Book2\Book2.csproj", "{FE6F79CB-5A7D-495C-ADE2-C483BCFCA0AA}"
EndProject
Global
	GlobalSection(SolutionConfigurationPlatforms) = preSolution
		Debug|Any CPU = Debug|Any CPU
		Release|Any CPU = Release|Any CPU
	EndGlobalSection
	GlobalSection(ProjectConfigurationPlatforms) = postSolution
		{FC5ED1D3-E362-4D3B-AD67-80DD196C37EB}.Debug|Any CPU.ActiveCfg = Debug|Any CPU
		{FC5ED1D3-E362-4D3B-AD67-80DD196C37EB}.Debug|Any CPU.Build.0 = Debug|Any CPU
		{FC5ED1D3-E362-4D3B-AD67-80DD196C37EB}.Release|Any CPU.ActiveCfg = Release|Any CPU
		{FC5ED1D3-E362-4D3B-AD67-80DD196C37EB}.Release|Any CPU.Build.0 = Release|Any CPU
		{FE6F79CB-5A7D-495C-ADE2-C483BCFCA0AA}.Debug|Any CPU.ActiveCfg = Debug|Any CPU
		{FE6F79CB-5A7D-495C-ADE2-C483BCFCA0AA}.Debug|Any CPU.Build.0 = Debug|Any CPU
		{FE6F79CB-5A7D-495C-ADE2-C483BCFCA0AA}.Release|Any CPU.ActiveCfg = Release|Any CPU
		{FE6F79CB-5A7D-495C-ADE2-C483BCFCA0AA}.Release|Any CPU.Build.0 = Release|Any CPU
	EndGlobalSection
	GlobalSection(SolutionProperties) = preSolution
		HideSolutionNode = FALSE
	EndGlobalSection
	GlobalSection(ExtensibilityGlobals) = postSolution
		SolutionGuid = {1FD4CE53-4BEC-49AC-BD82-28098766559D}
	EndGlobalSection
EndGlobal
