
Microsoft Visual Studio Solution File, Format Version 12.00
# Visual Studio Version 16
VisualStudioVersion = 16.0.29613.14
MinimumVisualStudioVersion = 10.0.40219.1
Project("{FAE04EC0-301F-11D3-BF4B-00C04F79EFBC}") = "HelloWorld", "HelloWorld\HelloWorld.csproj", "{7413D328-8BEB-413F-8CD2-40E06F7A534C}"
EndProject
Project("{FAE04EC0-301F-11D3-BF4B-00C04F79EFBC}") = "HelloWorldGUI", "HelloWorldGUI\HelloWorldGUI.csproj", "{C4AB63D5-671E-40F1-A00F-BBA774F46F36}"
EndProject
Global
	GlobalSection(SolutionConfigurationPlatforms) = preSolution
		Debug|Any CPU = Debug|Any CPU
		Release|Any CPU = Release|Any CPU
	EndGlobalSection
	GlobalSection(ProjectConfigurationPlatforms) = postSolution
		{7413D328-8BEB-413F-8CD2-40E06F7A534C}.Debug|Any CPU.ActiveCfg = Debug|Any CPU
		{7413D328-8BEB-413F-8CD2-40E06F7A534C}.Debug|Any CPU.Build.0 = Debug|Any CPU
		{7413D328-8BEB-413F-8CD2-40E06F7A534C}.Release|Any CPU.ActiveCfg = Release|Any CPU
		{7413D328-8BEB-413F-8CD2-40E06F7A534C}.Release|Any CPU.Build.0 = Release|Any CPU
		{C4AB63D5-671E-40F1-A00F-BBA774F46F36}.Debug|Any CPU.ActiveCfg = Debug|Any CPU
		{C4AB63D5-671E-40F1-A00F-BBA774F46F36}.Debug|Any CPU.Build.0 = Debug|Any CPU
		{C4AB63D5-671E-40F1-A00F-BBA774F46F36}.Release|Any CPU.ActiveCfg = Release|Any CPU
		{C4AB63D5-671E-40F1-A00F-BBA774F46F36}.Release|Any CPU.Build.0 = Release|Any CPU
	EndGlobalSection
	GlobalSection(SolutionProperties) = preSolution
		HideSolutionNode = FALSE
	EndGlobalSection
	GlobalSection(ExtensibilityGlobals) = postSolution
		SolutionGuid = {DF754F95-DF5F-4E47-B056-0E5BF41920C3}
	EndGlobalSection
EndGlobal
