
Microsoft Visual Studio Solution File, Format Version 12.00
# Visual Studio Version 16
VisualStudioVersion = 16.0.29613.14
MinimumVisualStudioVersion = 10.0.40219.1
Project("{FAE04EC0-301F-11D3-BF4B-00C04F79EFBC}") = "Lb3", "Lb3\Lb3.csproj", "{83CB6591-F276-4D03-ADF2-103F2BFBC7B2}"
EndProject
Project("{FAE04EC0-301F-11D3-BF4B-00C04F79EFBC}") = "Practice", "Practice\Practice.csproj", "{6938AEA4-A3FD-40F7-85A8-416795623B8A}"
EndProject
Global
	GlobalSection(SolutionConfigurationPlatforms) = preSolution
		Debug|Any CPU = Debug|Any CPU
		Release|Any CPU = Release|Any CPU
	EndGlobalSection
	GlobalSection(ProjectConfigurationPlatforms) = postSolution
		{83CB6591-F276-4D03-ADF2-103F2BFBC7B2}.Debug|Any CPU.ActiveCfg = Debug|Any CPU
		{83CB6591-F276-4D03-ADF2-103F2BFBC7B2}.Debug|Any CPU.Build.0 = Debug|Any CPU
		{83CB6591-F276-4D03-ADF2-103F2BFBC7B2}.Release|Any CPU.ActiveCfg = Release|Any CPU
		{83CB6591-F276-4D03-ADF2-103F2BFBC7B2}.Release|Any CPU.Build.0 = Release|Any CPU
		{6938AEA4-A3FD-40F7-85A8-416795623B8A}.Debug|Any CPU.ActiveCfg = Debug|Any CPU
		{6938AEA4-A3FD-40F7-85A8-416795623B8A}.Debug|Any CPU.Build.0 = Debug|Any CPU
		{6938AEA4-A3FD-40F7-85A8-416795623B8A}.Release|Any CPU.ActiveCfg = Release|Any CPU
		{6938AEA4-A3FD-40F7-85A8-416795623B8A}.Release|Any CPU.Build.0 = Release|Any CPU
	EndGlobalSection
	GlobalSection(SolutionProperties) = preSolution
		HideSolutionNode = FALSE
	EndGlobalSection
	GlobalSection(ExtensibilityGlobals) = postSolution
		SolutionGuid = {AA1873F2-05AF-414C-B191-BF1AD1382D46}
	EndGlobalSection
EndGlobal
