
Microsoft Visual Studio Solution File, Format Version 12.00
# Visual Studio Version 16
VisualStudioVersion = 16.0.29613.14
MinimumVisualStudioVersion = 10.0.40219.1
Project("{FAE04EC0-301F-11D3-BF4B-00C04F79EFBC}") = "Ch14Demo", "Ch14Demo\Ch14Demo.csproj", "{D0BD7D37-F564-4C90-B1BC-96395D717DD2}"
EndProject
Global
	GlobalSection(SolutionConfigurationPlatforms) = preSolution
		Debug|Any CPU = Debug|Any CPU
		Release|Any CPU = Release|Any CPU
	EndGlobalSection
	GlobalSection(ProjectConfigurationPlatforms) = postSolution
		{D0BD7D37-F564-4C90-B1BC-96395D717DD2}.Debug|Any CPU.ActiveCfg = Debug|Any CPU
		{D0BD7D37-F564-4C90-B1BC-96395D717DD2}.Debug|Any CPU.Build.0 = Debug|Any CPU
		{D0BD7D37-F564-4C90-B1BC-96395D717DD2}.Release|Any CPU.ActiveCfg = Release|Any CPU
		{D0BD7D37-F564-4C90-B1BC-96395D717DD2}.Release|Any CPU.Build.0 = Release|Any CPU
	EndGlobalSection
	GlobalSection(SolutionProperties) = preSolution
		HideSolutionNode = FALSE
	EndGlobalSection
	GlobalSection(ExtensibilityGlobals) = postSolution
		SolutionGuid = {39FCE6A2-CA19-490C-A5D5-5A415A02A413}
	EndGlobalSection
EndGlobal
